
Microsoft Visual Studio Solution File, Format Version 12.00
# Visual Studio Version 16
VisualStudioVersion = 16.0.32407.337
MinimumVisualStudioVersion = 10.0.40219.1
Project("{FAE04EC0-301F-11D3-BF4B-00C04F79EFBC}") = "KieuDuLieu", "KieuDuLieu\KieuDuLieu.csproj", "{B8B3FD59-C0BB-4C4C-BADC-9E4B4F08B1FA}"
EndProject
Global
	GlobalSection(SolutionConfigurationPlatforms) = preSolution
		Debug|Any CPU = Debug|Any CPU
		Release|Any CPU = Release|Any CPU
	EndGlobalSection
	GlobalSection(ProjectConfigurationPlatforms) = postSolution
		{B8B3FD59-C0BB-4C4C-BADC-9E4B4F08B1FA}.Debug|Any CPU.ActiveCfg = Debug|Any CPU
		{B8B3FD59-C0BB-4C4C-BADC-9E4B4F08B1FA}.Debug|Any CPU.Build.0 = Debug|Any CPU
		{B8B3FD59-C0BB-4C4C-BADC-9E4B4F08B1FA}.Release|Any CPU.ActiveCfg = Release|Any CPU
		{B8B3FD59-C0BB-4C4C-BADC-9E4B4F08B1FA}.Release|Any CPU.Build.0 = Release|Any CPU
	EndGlobalSection
	GlobalSection(SolutionProperties) = preSolution
		HideSolutionNode = FALSE
	EndGlobalSection
	GlobalSection(ExtensibilityGlobals) = postSolution
		SolutionGuid = {C783D080-4898-47B2-A72A-AF02C2D2AEBC}
	EndGlobalSection
EndGlobal
