
Microsoft Visual Studio Solution File, Format Version 12.00
# Visual Studio Version 16
VisualStudioVersion = 16.0.32407.337
MinimumVisualStudioVersion = 10.0.40219.1
Project("{FAE04EC0-301F-11D3-BF4B-00C04F79EFBC}") = "Chuoi", "Chuoi\Chuoi.csproj", "{1AE74B81-7EFA-4F95-BEDB-767AE7B33E15}"
EndProject
Global
	GlobalSection(SolutionConfigurationPlatforms) = preSolution
		Debug|Any CPU = Debug|Any CPU
		Release|Any CPU = Release|Any CPU
	EndGlobalSection
	GlobalSection(ProjectConfigurationPlatforms) = postSolution
		{1AE74B81-7EFA-4F95-BEDB-767AE7B33E15}.Debug|Any CPU.ActiveCfg = Debug|Any CPU
		{1AE74B81-7EFA-4F95-BEDB-767AE7B33E15}.Debug|Any CPU.Build.0 = Debug|Any CPU
		{1AE74B81-7EFA-4F95-BEDB-767AE7B33E15}.Release|Any CPU.ActiveCfg = Release|Any CPU
		{1AE74B81-7EFA-4F95-BEDB-767AE7B33E15}.Release|Any CPU.Build.0 = Release|Any CPU
	EndGlobalSection
	GlobalSection(SolutionProperties) = preSolution
		HideSolutionNode = FALSE
	EndGlobalSection
	GlobalSection(ExtensibilityGlobals) = postSolution
		SolutionGuid = {0317781A-0F7B-43CA-B717-3C2603EE9515}
	EndGlobalSection
EndGlobal
