
Microsoft Visual Studio Solution File, Format Version 12.00
# Visual Studio Version 17
VisualStudioVersion = 17.1.32414.318
MinimumVisualStudioVersion = 10.0.40219.1
Project("{FAE04EC0-301F-11D3-BF4B-00C04F79EFBC}") = "ManHinhDangNhap", "ManHinhDangNhap\ManHinhDangNhap.csproj", "{C2089BBB-417D-49BA-A8DE-37BBEB4D7535}"
EndProject
Global
	GlobalSection(SolutionConfigurationPlatforms) = preSolution
		Debug|Any CPU = Debug|Any CPU
		Release|Any CPU = Release|Any CPU
	EndGlobalSection
	GlobalSection(ProjectConfigurationPlatforms) = postSolution
		{C2089BBB-417D-49BA-A8DE-37BBEB4D7535}.Debug|Any CPU.ActiveCfg = Debug|Any CPU
		{C2089BBB-417D-49BA-A8DE-37BBEB4D7535}.Debug|Any CPU.Build.0 = Debug|Any CPU
		{C2089BBB-417D-49BA-A8DE-37BBEB4D7535}.Release|Any CPU.ActiveCfg = Release|Any CPU
		{C2089BBB-417D-49BA-A8DE-37BBEB4D7535}.Release|Any CPU.Build.0 = Release|Any CPU
	EndGlobalSection
	GlobalSection(SolutionProperties) = preSolution
		HideSolutionNode = FALSE
	EndGlobalSection
	GlobalSection(ExtensibilityGlobals) = postSolution
		SolutionGuid = {57B6B4D5-3E9A-4E74-98A3-1ED8D3292ABC}
	EndGlobalSection
EndGlobal
