
Microsoft Visual Studio Solution File, Format Version 12.00
# Visual Studio Version 16
VisualStudioVersion = 16.0.32407.337
MinimumVisualStudioVersion = 10.0.40219.1
Project("{FAE04EC0-301F-11D3-BF4B-00C04F79EFBC}") = "Mang", "Mang\Mang.csproj", "{1C4EC86A-0A48-414F-9311-1DAAF7D5231A}"
EndProject
Global
	GlobalSection(SolutionConfigurationPlatforms) = preSolution
		Debug|Any CPU = Debug|Any CPU
		Release|Any CPU = Release|Any CPU
	EndGlobalSection
	GlobalSection(ProjectConfigurationPlatforms) = postSolution
		{1C4EC86A-0A48-414F-9311-1DAAF7D5231A}.Debug|Any CPU.ActiveCfg = Debug|Any CPU
		{1C4EC86A-0A48-414F-9311-1DAAF7D5231A}.Debug|Any CPU.Build.0 = Debug|Any CPU
		{1C4EC86A-0A48-414F-9311-1DAAF7D5231A}.Release|Any CPU.ActiveCfg = Release|Any CPU
		{1C4EC86A-0A48-414F-9311-1DAAF7D5231A}.Release|Any CPU.Build.0 = Release|Any CPU
	EndGlobalSection
	GlobalSection(SolutionProperties) = preSolution
		HideSolutionNode = FALSE
	EndGlobalSection
	GlobalSection(ExtensibilityGlobals) = postSolution
		SolutionGuid = {91823EA1-F4AE-4856-948C-80ABD02005E3}
	EndGlobalSection
EndGlobal
