
Microsoft Visual Studio Solution File, Format Version 12.00
# Visual Studio Version 16
VisualStudioVersion = 16.0.32407.337
MinimumVisualStudioVersion = 10.0.40219.1
Project("{FAE04EC0-301F-11D3-BF4B-00C04F79EFBC}") = "KeThua", "KeThua\KeThua.csproj", "{C4631DD6-EAE6-4F1D-B33A-63CB8AE662A0}"
EndProject
Global
	GlobalSection(SolutionConfigurationPlatforms) = preSolution
		Debug|Any CPU = Debug|Any CPU
		Release|Any CPU = Release|Any CPU
	EndGlobalSection
	GlobalSection(ProjectConfigurationPlatforms) = postSolution
		{C4631DD6-EAE6-4F1D-B33A-63CB8AE662A0}.Debug|Any CPU.ActiveCfg = Debug|Any CPU
		{C4631DD6-EAE6-4F1D-B33A-63CB8AE662A0}.Debug|Any CPU.Build.0 = Debug|Any CPU
		{C4631DD6-EAE6-4F1D-B33A-63CB8AE662A0}.Release|Any CPU.ActiveCfg = Release|Any CPU
		{C4631DD6-EAE6-4F1D-B33A-63CB8AE662A0}.Release|Any CPU.Build.0 = Release|Any CPU
	EndGlobalSection
	GlobalSection(SolutionProperties) = preSolution
		HideSolutionNode = FALSE
	EndGlobalSection
	GlobalSection(ExtensibilityGlobals) = postSolution
		SolutionGuid = {8C6FC1BF-6D38-4D8C-B9F1-5CE3976FF627}
	EndGlobalSection
EndGlobal
