
Microsoft Visual Studio Solution File, Format Version 12.00
# Visual Studio Version 16
VisualStudioVersion = 16.0.32407.337
MinimumVisualStudioVersion = 10.0.40219.1
Project("{FAE04EC0-301F-11D3-BF4B-00C04F79EFBC}") = "TryCatch", "TryCatch\TryCatch.csproj", "{8E1ED41A-6E86-45D5-850A-C758ED6D145D}"
EndProject
Global
	GlobalSection(SolutionConfigurationPlatforms) = preSolution
		Debug|Any CPU = Debug|Any CPU
		Release|Any CPU = Release|Any CPU
	EndGlobalSection
	GlobalSection(ProjectConfigurationPlatforms) = postSolution
		{8E1ED41A-6E86-45D5-850A-C758ED6D145D}.Debug|Any CPU.ActiveCfg = Debug|Any CPU
		{8E1ED41A-6E86-45D5-850A-C758ED6D145D}.Debug|Any CPU.Build.0 = Debug|Any CPU
		{8E1ED41A-6E86-45D5-850A-C758ED6D145D}.Release|Any CPU.ActiveCfg = Release|Any CPU
		{8E1ED41A-6E86-45D5-850A-C758ED6D145D}.Release|Any CPU.Build.0 = Release|Any CPU
	EndGlobalSection
	GlobalSection(SolutionProperties) = preSolution
		HideSolutionNode = FALSE
	EndGlobalSection
	GlobalSection(ExtensibilityGlobals) = postSolution
		SolutionGuid = {537D725B-7004-4D13-9451-901A3B45C745}
	EndGlobalSection
EndGlobal
